
Microsoft Visual Studio Solution File, Format Version 12.00
# Visual Studio 14
VisualStudioVersion = 14.0.25420.1
MinimumVisualStudioVersion = 10.0.40219.1
Project("{FAE04EC0-301F-11D3-BF4B-00C04F79EFBC}") = "Oogi", "Oogi\Oogi.csproj", "{5A68B8F5-894C-4F61-A988-B0D055157979}"
EndProject
Project("{FAE04EC0-301F-11D3-BF4B-00C04F79EFBC}") = "Tests", "Tests\Tests.csproj", "{EBA103A9-D56B-48B2-B229-64EFE2C2AF1F}"
EndProject
Global
	GlobalSection(SolutionConfigurationPlatforms) = preSolution
		Debug|Any CPU = Debug|Any CPU
		Release|Any CPU = Release|Any CPU
	EndGlobalSection
	GlobalSection(ProjectConfigurationPlatforms) = postSolution
		{5A68B8F5-894C-4F61-A988-B0D055157979}.Debug|Any CPU.ActiveCfg = Debug|Any CPU
		{5A68B8F5-894C-4F61-A988-B0D055157979}.Debug|Any CPU.Build.0 = Debug|Any CPU
		{5A68B8F5-894C-4F61-A988-B0D055157979}.Release|Any CPU.ActiveCfg = Release|Any CPU
		{5A68B8F5-894C-4F61-A988-B0D055157979}.Release|Any CPU.Build.0 = Release|Any CPU
		{EBA103A9-D56B-48B2-B229-64EFE2C2AF1F}.Debug|Any CPU.ActiveCfg = Debug|Any CPU
		{EBA103A9-D56B-48B2-B229-64EFE2C2AF1F}.Debug|Any CPU.Build.0 = Debug|Any CPU
		{EBA103A9-D56B-48B2-B229-64EFE2C2AF1F}.Release|Any CPU.ActiveCfg = Release|Any CPU
		{EBA103A9-D56B-48B2-B229-64EFE2C2AF1F}.Release|Any CPU.Build.0 = Release|Any CPU
	EndGlobalSection
	GlobalSection(SolutionProperties) = preSolution
		HideSolutionNode = FALSE
	EndGlobalSection
EndGlobal
